
Microsoft Visual Studio Solution File, Format Version 12.00
# Visual Studio Version 16
VisualStudioVersion = 25.0.1705.0
MinimumVisualStudioVersion = 10.0.40219.1
Project("{FAE04EC0-301F-11D3-BF4B-00C04F79EFBC}") = "ShopOnlineWeb", "ShopOnlineWeb\ShopOnlineWeb.csproj", "{B2A751EC-419B-4082-9C8C-414D2DB34A1A}"
EndProject
Global
	GlobalSection(SolutionConfigurationPlatforms) = preSolution
		Debug|Any CPU = Debug|Any CPU
		Release|Any CPU = Release|Any CPU
	EndGlobalSection
	GlobalSection(ProjectConfigurationPlatforms) = postSolution
		{B2A751EC-419B-4082-9C8C-414D2DB34A1A}.Debug|Any CPU.ActiveCfg = Debug|Any CPU
		{B2A751EC-419B-4082-9C8C-414D2DB34A1A}.Debug|Any CPU.Build.0 = Debug|Any CPU
		{B2A751EC-419B-4082-9C8C-414D2DB34A1A}.Release|Any CPU.ActiveCfg = Release|Any CPU
		{B2A751EC-419B-4082-9C8C-414D2DB34A1A}.Release|Any CPU.Build.0 = Release|Any CPU
	EndGlobalSection
	GlobalSection(SolutionProperties) = preSolution
		HideSolutionNode = FALSE
	EndGlobalSection
	GlobalSection(ExtensibilityGlobals) = postSolution
		SolutionGuid = {BAE07257-C4BA-4BBE-A280-7C2DF0519D16}
	EndGlobalSection
EndGlobal
